
Microsoft Visual Studio Solution File, Format Version 12.00
# Visual Studio Version 17
VisualStudioVersion = 17.0.31903.59
MinimumVisualStudioVersion = 10.0.40219.1
Project("{2150E333-8FDC-42A3-9474-1A3956D46DE8}") = "src", "src", "{827E0CD3-B72D-47B6-A68D-7590B98EB39B}"
EndProject
Project("{FAE04EC0-301F-11D3-BF4B-00C04F79EFBC}") = "FrigateRelay.Abstractions", "src\FrigateRelay.Abstractions\FrigateRelay.Abstractions.csproj", "{F49CFA0F-AC80-466B-9235-67FA58F79F05}"
EndProject
Project("{2150E333-8FDC-42A3-9474-1A3956D46DE8}") = "tests", "tests", "{0AB3BF05-4346-4AA6-1389-037BE0695223}"
EndProject
Project("{FAE04EC0-301F-11D3-BF4B-00C04F79EFBC}") = "FrigateRelay.Abstractions.Tests", "tests\FrigateRelay.Abstractions.Tests\FrigateRelay.Abstractions.Tests.csproj", "{E120A881-3AE1-4CC6-836F-D3FD1AD4C4B1}"
EndProject
Project("{FAE04EC0-301F-11D3-BF4B-00C04F79EFBC}") = "FrigateRelay.Host", "src\FrigateRelay.Host\FrigateRelay.Host.csproj", "{67BD878A-4B01-41E3-BA7E-58C795EEA097}"
EndProject
Project("{FAE04EC0-301F-11D3-BF4B-00C04F79EFBC}") = "FrigateRelay.Host.Tests", "tests\FrigateRelay.Host.Tests\FrigateRelay.Host.Tests.csproj", "{473B0985-CCA1-4E05-9D58-114C3C873B2E}"
EndProject
Project("{FAE04EC0-301F-11D3-BF4B-00C04F79EFBC}") = "FrigateRelay.Sources.FrigateMqtt", "src\FrigateRelay.Sources.FrigateMqtt\FrigateRelay.Sources.FrigateMqtt.csproj", "{B394091A-D5D1-4EAF-B21C-BDB9C34D7D04}"
EndProject
Project("{FAE04EC0-301F-11D3-BF4B-00C04F79EFBC}") = "FrigateRelay.Sources.FrigateMqtt.Tests", "tests\FrigateRelay.Sources.FrigateMqtt.Tests\FrigateRelay.Sources.FrigateMqtt.Tests.csproj", "{759A22CB-BF2B-47C0-A48F-8589FFE4B300}"
EndProject
Project("{FAE04EC0-301F-11D3-BF4B-00C04F79EFBC}") = "FrigateRelay.Plugins.BlueIris", "src\FrigateRelay.Plugins.BlueIris\FrigateRelay.Plugins.BlueIris.csproj", "{19085C17-E453-4DF4-AA24-A6641F4FF535}"
EndProject
Project("{FAE04EC0-301F-11D3-BF4B-00C04F79EFBC}") = "FrigateRelay.Plugins.BlueIris.Tests", "tests\FrigateRelay.Plugins.BlueIris.Tests\FrigateRelay.Plugins.BlueIris.Tests.csproj", "{3FCE27D8-1B2E-4CFA-91E9-BFCE1888C928}"
EndProject
Project("{FAE04EC0-301F-11D3-BF4B-00C04F79EFBC}") = "FrigateRelay.IntegrationTests", "tests\FrigateRelay.IntegrationTests\FrigateRelay.IntegrationTests.csproj", "{613EF322-9CEB-4422-A37A-19E4E95ED4F3}"
EndProject
Project("{FAE04EC0-301F-11D3-BF4B-00C04F79EFBC}") = "FrigateRelay.Plugins.FrigateSnapshot", "src\FrigateRelay.Plugins.FrigateSnapshot\FrigateRelay.Plugins.FrigateSnapshot.csproj", "{4C9D1B1D-D592-4CFE-96FE-C68DD02C3CDE}"
EndProject
Project("{FAE04EC0-301F-11D3-BF4B-00C04F79EFBC}") = "FrigateRelay.Plugins.FrigateSnapshot.Tests", "tests\FrigateRelay.Plugins.FrigateSnapshot.Tests\FrigateRelay.Plugins.FrigateSnapshot.Tests.csproj", "{3FC378DE-E533-4B69-B7BC-23F6E3453DC2}"
EndProject
Project("{FAE04EC0-301F-11D3-BF4B-00C04F79EFBC}") = "FrigateRelay.Plugins.Pushover", "src\FrigateRelay.Plugins.Pushover\FrigateRelay.Plugins.Pushover.csproj", "{BCDD4F10-029F-4F7A-A7D2-37863027C173}"
EndProject
Project("{FAE04EC0-301F-11D3-BF4B-00C04F79EFBC}") = "FrigateRelay.Plugins.Pushover.Tests", "tests\FrigateRelay.Plugins.Pushover.Tests\FrigateRelay.Plugins.Pushover.Tests.csproj", "{04F53164-A651-471A-9449-D226DB2F546E}"
EndProject
Project("{FAE04EC0-301F-11D3-BF4B-00C04F79EFBC}") = "FrigateRelay.TestHelpers", "tests\FrigateRelay.TestHelpers\FrigateRelay.TestHelpers.csproj", "{EC728A4C-E466-459D-BFF5-7C4C9CCD5743}"
EndProject
Project("{FAE04EC0-301F-11D3-BF4B-00C04F79EFBC}") = "FrigateRelay.Plugins.CodeProjectAi", "src\FrigateRelay.Plugins.CodeProjectAi\FrigateRelay.Plugins.CodeProjectAi.csproj", "{2C1D7DBB-1B95-4576-A8C8-4956143E8831}"
EndProject
Project("{FAE04EC0-301F-11D3-BF4B-00C04F79EFBC}") = "FrigateRelay.Plugins.CodeProjectAi.Tests", "tests\FrigateRelay.Plugins.CodeProjectAi.Tests\FrigateRelay.Plugins.CodeProjectAi.Tests.csproj", "{4992BAB2-2918-4EFE-8A54-FDEFC81BFFDE}"
EndProject
Project("{2150E333-8FDC-42A3-9474-1A3956D46DE8}") = "samples", "samples", "{5D20AA90-6969-D8BD-9DCD-8634F4692FDA}"
EndProject
Project("{FAE04EC0-301F-11D3-BF4B-00C04F79EFBC}") = "FrigateRelay.Samples.PluginGuide", "samples\FrigateRelay.Samples.PluginGuide\FrigateRelay.Samples.PluginGuide.csproj", "{F995253A-EFEA-44C0-88EB-6BF2CF4BEA96}"
EndProject
Project("{2150E333-8FDC-42A3-9474-1A3956D46DE8}") = "tools", "tools", "{07C2787E-EAC7-C090-1BA3-A61EC2A24D84}"
EndProject
Project("{FAE04EC0-301F-11D3-BF4B-00C04F79EFBC}") = "FrigateRelay.MigrateConf", "tools\FrigateRelay.MigrateConf\FrigateRelay.MigrateConf.csproj", "{9D1D5315-0F8B-4932-9522-0B56F8D8D8EE}"
EndProject
Project("{FAE04EC0-301F-11D3-BF4B-00C04F79EFBC}") = "FrigateRelay.MigrateConf.Tests", "tests\FrigateRelay.MigrateConf.Tests\FrigateRelay.MigrateConf.Tests.csproj", "{32DFD307-D93B-4794-9D36-B5EF1208C361}"
EndProject
Global
	GlobalSection(SolutionConfigurationPlatforms) = preSolution
		Debug|Any CPU = Debug|Any CPU
		Debug|x64 = Debug|x64
		Debug|x86 = Debug|x86
		Release|Any CPU = Release|Any CPU
		Release|x64 = Release|x64
		Release|x86 = Release|x86
	EndGlobalSection
	GlobalSection(ProjectConfigurationPlatforms) = postSolution
		{F49CFA0F-AC80-466B-9235-67FA58F79F05}.Debug|Any CPU.ActiveCfg = Debug|Any CPU
		{F49CFA0F-AC80-466B-9235-67FA58F79F05}.Debug|Any CPU.Build.0 = Debug|Any CPU
		{F49CFA0F-AC80-466B-9235-67FA58F79F05}.Debug|x64.ActiveCfg = Debug|Any CPU
		{F49CFA0F-AC80-466B-9235-67FA58F79F05}.Debug|x64.Build.0 = Debug|Any CPU
		{F49CFA0F-AC80-466B-9235-67FA58F79F05}.Debug|x86.ActiveCfg = Debug|Any CPU
		{F49CFA0F-AC80-466B-9235-67FA58F79F05}.Debug|x86.Build.0 = Debug|Any CPU
		{F49CFA0F-AC80-466B-9235-67FA58F79F05}.Release|Any CPU.ActiveCfg = Release|Any CPU
		{F49CFA0F-AC80-466B-9235-67FA58F79F05}.Release|Any CPU.Build.0 = Release|Any CPU
		{F49CFA0F-AC80-466B-9235-67FA58F79F05}.Release|x64.ActiveCfg = Release|Any CPU
		{F49CFA0F-AC80-466B-9235-67FA58F79F05}.Release|x64.Build.0 = Release|Any CPU
		{F49CFA0F-AC80-466B-9235-67FA58F79F05}.Release|x86.ActiveCfg = Release|Any CPU
		{F49CFA0F-AC80-466B-9235-67FA58F79F05}.Release|x86.Build.0 = Release|Any CPU
		{E120A881-3AE1-4CC6-836F-D3FD1AD4C4B1}.Debug|Any CPU.ActiveCfg = Debug|Any CPU
		{E120A881-3AE1-4CC6-836F-D3FD1AD4C4B1}.Debug|Any CPU.Build.0 = Debug|Any CPU
		{E120A881-3AE1-4CC6-836F-D3FD1AD4C4B1}.Debug|x64.ActiveCfg = Debug|Any CPU
		{E120A881-3AE1-4CC6-836F-D3FD1AD4C4B1}.Debug|x64.Build.0 = Debug|Any CPU
		{E120A881-3AE1-4CC6-836F-D3FD1AD4C4B1}.Debug|x86.ActiveCfg = Debug|Any CPU
		{E120A881-3AE1-4CC6-836F-D3FD1AD4C4B1}.Debug|x86.Build.0 = Debug|Any CPU
		{E120A881-3AE1-4CC6-836F-D3FD1AD4C4B1}.Release|Any CPU.ActiveCfg = Release|Any CPU
		{E120A881-3AE1-4CC6-836F-D3FD1AD4C4B1}.Release|Any CPU.Build.0 = Release|Any CPU
		{E120A881-3AE1-4CC6-836F-D3FD1AD4C4B1}.Release|x64.ActiveCfg = Release|Any CPU
		{E120A881-3AE1-4CC6-836F-D3FD1AD4C4B1}.Release|x64.Build.0 = Release|Any CPU
		{E120A881-3AE1-4CC6-836F-D3FD1AD4C4B1}.Release|x86.ActiveCfg = Release|Any CPU
		{E120A881-3AE1-4CC6-836F-D3FD1AD4C4B1}.Release|x86.Build.0 = Release|Any CPU
		{67BD878A-4B01-41E3-BA7E-58C795EEA097}.Debug|Any CPU.ActiveCfg = Debug|Any CPU
		{67BD878A-4B01-41E3-BA7E-58C795EEA097}.Debug|Any CPU.Build.0 = Debug|Any CPU
		{67BD878A-4B01-41E3-BA7E-58C795EEA097}.Debug|x64.ActiveCfg = Debug|Any CPU
		{67BD878A-4B01-41E3-BA7E-58C795EEA097}.Debug|x64.Build.0 = Debug|Any CPU
		{67BD878A-4B01-41E3-BA7E-58C795EEA097}.Debug|x86.ActiveCfg = Debug|Any CPU
		{67BD878A-4B01-41E3-BA7E-58C795EEA097}.Debug|x86.Build.0 = Debug|Any CPU
		{67BD878A-4B01-41E3-BA7E-58C795EEA097}.Release|Any CPU.ActiveCfg = Release|Any CPU
		{67BD878A-4B01-41E3-BA7E-58C795EEA097}.Release|Any CPU.Build.0 = Release|Any CPU
		{67BD878A-4B01-41E3-BA7E-58C795EEA097}.Release|x64.ActiveCfg = Release|Any CPU
		{67BD878A-4B01-41E3-BA7E-58C795EEA097}.Release|x64.Build.0 = Release|Any CPU
		{67BD878A-4B01-41E3-BA7E-58C795EEA097}.Release|x86.ActiveCfg = Release|Any CPU
		{67BD878A-4B01-41E3-BA7E-58C795EEA097}.Release|x86.Build.0 = Release|Any CPU
		{473B0985-CCA1-4E05-9D58-114C3C873B2E}.Debug|Any CPU.ActiveCfg = Debug|Any CPU
		{473B0985-CCA1-4E05-9D58-114C3C873B2E}.Debug|Any CPU.Build.0 = Debug|Any CPU
		{473B0985-CCA1-4E05-9D58-114C3C873B2E}.Debug|x64.ActiveCfg = Debug|Any CPU
		{473B0985-CCA1-4E05-9D58-114C3C873B2E}.Debug|x64.Build.0 = Debug|Any CPU
		{473B0985-CCA1-4E05-9D58-114C3C873B2E}.Debug|x86.ActiveCfg = Debug|Any CPU
		{473B0985-CCA1-4E05-9D58-114C3C873B2E}.Debug|x86.Build.0 = Debug|Any CPU
		{473B0985-CCA1-4E05-9D58-114C3C873B2E}.Release|Any CPU.ActiveCfg = Release|Any CPU
		{473B0985-CCA1-4E05-9D58-114C3C873B2E}.Release|Any CPU.Build.0 = Release|Any CPU
		{473B0985-CCA1-4E05-9D58-114C3C873B2E}.Release|x64.ActiveCfg = Release|Any CPU
		{473B0985-CCA1-4E05-9D58-114C3C873B2E}.Release|x64.Build.0 = Release|Any CPU
		{473B0985-CCA1-4E05-9D58-114C3C873B2E}.Release|x86.ActiveCfg = Release|Any CPU
		{473B0985-CCA1-4E05-9D58-114C3C873B2E}.Release|x86.Build.0 = Release|Any CPU
		{B394091A-D5D1-4EAF-B21C-BDB9C34D7D04}.Debug|Any CPU.ActiveCfg = Debug|Any CPU
		{B394091A-D5D1-4EAF-B21C-BDB9C34D7D04}.Debug|Any CPU.Build.0 = Debug|Any CPU
		{B394091A-D5D1-4EAF-B21C-BDB9C34D7D04}.Debug|x64.ActiveCfg = Debug|Any CPU
		{B394091A-D5D1-4EAF-B21C-BDB9C34D7D04}.Debug|x64.Build.0 = Debug|Any CPU
		{B394091A-D5D1-4EAF-B21C-BDB9C34D7D04}.Debug|x86.ActiveCfg = Debug|Any CPU
		{B394091A-D5D1-4EAF-B21C-BDB9C34D7D04}.Debug|x86.Build.0 = Debug|Any CPU
		{B394091A-D5D1-4EAF-B21C-BDB9C34D7D04}.Release|Any CPU.ActiveCfg = Release|Any CPU
		{B394091A-D5D1-4EAF-B21C-BDB9C34D7D04}.Release|Any CPU.Build.0 = Release|Any CPU
		{B394091A-D5D1-4EAF-B21C-BDB9C34D7D04}.Release|x64.ActiveCfg = Release|Any CPU
		{B394091A-D5D1-4EAF-B21C-BDB9C34D7D04}.Release|x64.Build.0 = Release|Any CPU
		{B394091A-D5D1-4EAF-B21C-BDB9C34D7D04}.Release|x86.ActiveCfg = Release|Any CPU
		{B394091A-D5D1-4EAF-B21C-BDB9C34D7D04}.Release|x86.Build.0 = Release|Any CPU
		{759A22CB-BF2B-47C0-A48F-8589FFE4B300}.Debug|Any CPU.ActiveCfg = Debug|Any CPU
		{759A22CB-BF2B-47C0-A48F-8589FFE4B300}.Debug|Any CPU.Build.0 = Debug|Any CPU
		{759A22CB-BF2B-47C0-A48F-8589FFE4B300}.Debug|x64.ActiveCfg = Debug|Any CPU
		{759A22CB-BF2B-47C0-A48F-8589FFE4B300}.Debug|x64.Build.0 = Debug|Any CPU
		{759A22CB-BF2B-47C0-A48F-8589FFE4B300}.Debug|x86.ActiveCfg = Debug|Any CPU
		{759A22CB-BF2B-47C0-A48F-8589FFE4B300}.Debug|x86.Build.0 = Debug|Any CPU
		{759A22CB-BF2B-47C0-A48F-8589FFE4B300}.Release|Any CPU.ActiveCfg = Release|Any CPU
		{759A22CB-BF2B-47C0-A48F-8589FFE4B300}.Release|Any CPU.Build.0 = Release|Any CPU
		{759A22CB-BF2B-47C0-A48F-8589FFE4B300}.Release|x64.ActiveCfg = Release|Any CPU
		{759A22CB-BF2B-47C0-A48F-8589FFE4B300}.Release|x64.Build.0 = Release|Any CPU
		{759A22CB-BF2B-47C0-A48F-8589FFE4B300}.Release|x86.ActiveCfg = Release|Any CPU
		{759A22CB-BF2B-47C0-A48F-8589FFE4B300}.Release|x86.Build.0 = Release|Any CPU
		{19085C17-E453-4DF4-AA24-A6641F4FF535}.Debug|Any CPU.ActiveCfg = Debug|Any CPU
		{19085C17-E453-4DF4-AA24-A6641F4FF535}.Debug|Any CPU.Build.0 = Debug|Any CPU
		{19085C17-E453-4DF4-AA24-A6641F4FF535}.Debug|x64.ActiveCfg = Debug|Any CPU
		{19085C17-E453-4DF4-AA24-A6641F4FF535}.Debug|x64.Build.0 = Debug|Any CPU
		{19085C17-E453-4DF4-AA24-A6641F4FF535}.Debug|x86.ActiveCfg = Debug|Any CPU
		{19085C17-E453-4DF4-AA24-A6641F4FF535}.Debug|x86.Build.0 = Debug|Any CPU
		{19085C17-E453-4DF4-AA24-A6641F4FF535}.Release|Any CPU.ActiveCfg = Release|Any CPU
		{19085C17-E453-4DF4-AA24-A6641F4FF535}.Release|Any CPU.Build.0 = Release|Any CPU
		{19085C17-E453-4DF4-AA24-A6641F4FF535}.Release|x64.ActiveCfg = Release|Any CPU
		{19085C17-E453-4DF4-AA24-A6641F4FF535}.Release|x64.Build.0 = Release|Any CPU
		{19085C17-E453-4DF4-AA24-A6641F4FF535}.Release|x86.ActiveCfg = Release|Any CPU
		{19085C17-E453-4DF4-AA24-A6641F4FF535}.Release|x86.Build.0 = Release|Any CPU
		{3FCE27D8-1B2E-4CFA-91E9-BFCE1888C928}.Debug|Any CPU.ActiveCfg = Debug|Any CPU
		{3FCE27D8-1B2E-4CFA-91E9-BFCE1888C928}.Debug|Any CPU.Build.0 = Debug|Any CPU
		{3FCE27D8-1B2E-4CFA-91E9-BFCE1888C928}.Debug|x64.ActiveCfg = Debug|Any CPU
		{3FCE27D8-1B2E-4CFA-91E9-BFCE1888C928}.Debug|x64.Build.0 = Debug|Any CPU
		{3FCE27D8-1B2E-4CFA-91E9-BFCE1888C928}.Debug|x86.ActiveCfg = Debug|Any CPU
		{3FCE27D8-1B2E-4CFA-91E9-BFCE1888C928}.Debug|x86.Build.0 = Debug|Any CPU
		{3FCE27D8-1B2E-4CFA-91E9-BFCE1888C928}.Release|Any CPU.ActiveCfg = Release|Any CPU
		{3FCE27D8-1B2E-4CFA-91E9-BFCE1888C928}.Release|Any CPU.Build.0 = Release|Any CPU
		{3FCE27D8-1B2E-4CFA-91E9-BFCE1888C928}.Release|x64.ActiveCfg = Release|Any CPU
		{3FCE27D8-1B2E-4CFA-91E9-BFCE1888C928}.Release|x64.Build.0 = Release|Any CPU
		{3FCE27D8-1B2E-4CFA-91E9-BFCE1888C928}.Release|x86.ActiveCfg = Release|Any CPU
		{3FCE27D8-1B2E-4CFA-91E9-BFCE1888C928}.Release|x86.Build.0 = Release|Any CPU
		{613EF322-9CEB-4422-A37A-19E4E95ED4F3}.Debug|Any CPU.ActiveCfg = Debug|Any CPU
		{613EF322-9CEB-4422-A37A-19E4E95ED4F3}.Debug|Any CPU.Build.0 = Debug|Any CPU
		{613EF322-9CEB-4422-A37A-19E4E95ED4F3}.Debug|x64.ActiveCfg = Debug|Any CPU
		{613EF322-9CEB-4422-A37A-19E4E95ED4F3}.Debug|x64.Build.0 = Debug|Any CPU
		{613EF322-9CEB-4422-A37A-19E4E95ED4F3}.Debug|x86.ActiveCfg = Debug|Any CPU
		{613EF322-9CEB-4422-A37A-19E4E95ED4F3}.Debug|x86.Build.0 = Debug|Any CPU
		{613EF322-9CEB-4422-A37A-19E4E95ED4F3}.Release|Any CPU.ActiveCfg = Release|Any CPU
		{613EF322-9CEB-4422-A37A-19E4E95ED4F3}.Release|Any CPU.Build.0 = Release|Any CPU
		{613EF322-9CEB-4422-A37A-19E4E95ED4F3}.Release|x64.ActiveCfg = Release|Any CPU
		{613EF322-9CEB-4422-A37A-19E4E95ED4F3}.Release|x64.Build.0 = Release|Any CPU
		{613EF322-9CEB-4422-A37A-19E4E95ED4F3}.Release|x86.ActiveCfg = Release|Any CPU
		{613EF322-9CEB-4422-A37A-19E4E95ED4F3}.Release|x86.Build.0 = Release|Any CPU
		{4C9D1B1D-D592-4CFE-96FE-C68DD02C3CDE}.Debug|Any CPU.ActiveCfg = Debug|Any CPU
		{4C9D1B1D-D592-4CFE-96FE-C68DD02C3CDE}.Debug|Any CPU.Build.0 = Debug|Any CPU
		{4C9D1B1D-D592-4CFE-96FE-C68DD02C3CDE}.Debug|x64.ActiveCfg = Debug|Any CPU
		{4C9D1B1D-D592-4CFE-96FE-C68DD02C3CDE}.Debug|x64.Build.0 = Debug|Any CPU
		{4C9D1B1D-D592-4CFE-96FE-C68DD02C3CDE}.Debug|x86.ActiveCfg = Debug|Any CPU
		{4C9D1B1D-D592-4CFE-96FE-C68DD02C3CDE}.Debug|x86.Build.0 = Debug|Any CPU
		{4C9D1B1D-D592-4CFE-96FE-C68DD02C3CDE}.Release|Any CPU.ActiveCfg = Release|Any CPU
		{4C9D1B1D-D592-4CFE-96FE-C68DD02C3CDE}.Release|Any CPU.Build.0 = Release|Any CPU
		{4C9D1B1D-D592-4CFE-96FE-C68DD02C3CDE}.Release|x64.ActiveCfg = Release|Any CPU
		{4C9D1B1D-D592-4CFE-96FE-C68DD02C3CDE}.Release|x64.Build.0 = Release|Any CPU
		{4C9D1B1D-D592-4CFE-96FE-C68DD02C3CDE}.Release|x86.ActiveCfg = Release|Any CPU
		{4C9D1B1D-D592-4CFE-96FE-C68DD02C3CDE}.Release|x86.Build.0 = Release|Any CPU
		{3FC378DE-E533-4B69-B7BC-23F6E3453DC2}.Debug|Any CPU.ActiveCfg = Debug|Any CPU
		{3FC378DE-E533-4B69-B7BC-23F6E3453DC2}.Debug|Any CPU.Build.0 = Debug|Any CPU
		{3FC378DE-E533-4B69-B7BC-23F6E3453DC2}.Debug|x64.ActiveCfg = Debug|Any CPU
		{3FC378DE-E533-4B69-B7BC-23F6E3453DC2}.Debug|x64.Build.0 = Debug|Any CPU
		{3FC378DE-E533-4B69-B7BC-23F6E3453DC2}.Debug|x86.ActiveCfg = Debug|Any CPU
		{3FC378DE-E533-4B69-B7BC-23F6E3453DC2}.Debug|x86.Build.0 = Debug|Any CPU
		{3FC378DE-E533-4B69-B7BC-23F6E3453DC2}.Release|Any CPU.ActiveCfg = Release|Any CPU
		{3FC378DE-E533-4B69-B7BC-23F6E3453DC2}.Release|Any CPU.Build.0 = Release|Any CPU
		{3FC378DE-E533-4B69-B7BC-23F6E3453DC2}.Release|x64.ActiveCfg = Release|Any CPU
		{3FC378DE-E533-4B69-B7BC-23F6E3453DC2}.Release|x64.Build.0 = Release|Any CPU
		{3FC378DE-E533-4B69-B7BC-23F6E3453DC2}.Release|x86.ActiveCfg = Release|Any CPU
		{3FC378DE-E533-4B69-B7BC-23F6E3453DC2}.Release|x86.Build.0 = Release|Any CPU
		{BCDD4F10-029F-4F7A-A7D2-37863027C173}.Debug|Any CPU.ActiveCfg = Debug|Any CPU
		{BCDD4F10-029F-4F7A-A7D2-37863027C173}.Debug|Any CPU.Build.0 = Debug|Any CPU
		{BCDD4F10-029F-4F7A-A7D2-37863027C173}.Debug|x64.ActiveCfg = Debug|Any CPU
		{BCDD4F10-029F-4F7A-A7D2-37863027C173}.Debug|x64.Build.0 = Debug|Any CPU
		{BCDD4F10-029F-4F7A-A7D2-37863027C173}.Debug|x86.ActiveCfg = Debug|Any CPU
		{BCDD4F10-029F-4F7A-A7D2-37863027C173}.Debug|x86.Build.0 = Debug|Any CPU
		{BCDD4F10-029F-4F7A-A7D2-37863027C173}.Release|Any CPU.ActiveCfg = Release|Any CPU
		{BCDD4F10-029F-4F7A-A7D2-37863027C173}.Release|Any CPU.Build.0 = Release|Any CPU
		{BCDD4F10-029F-4F7A-A7D2-37863027C173}.Release|x64.ActiveCfg = Release|Any CPU
		{BCDD4F10-029F-4F7A-A7D2-37863027C173}.Release|x64.Build.0 = Release|Any CPU
		{BCDD4F10-029F-4F7A-A7D2-37863027C173}.Release|x86.ActiveCfg = Release|Any CPU
		{BCDD4F10-029F-4F7A-A7D2-37863027C173}.Release|x86.Build.0 = Release|Any CPU
		{04F53164-A651-471A-9449-D226DB2F546E}.Debug|Any CPU.ActiveCfg = Debug|Any CPU
		{04F53164-A651-471A-9449-D226DB2F546E}.Debug|Any CPU.Build.0 = Debug|Any CPU
		{04F53164-A651-471A-9449-D226DB2F546E}.Debug|x64.ActiveCfg = Debug|Any CPU
		{04F53164-A651-471A-9449-D226DB2F546E}.Debug|x64.Build.0 = Debug|Any CPU
		{04F53164-A651-471A-9449-D226DB2F546E}.Debug|x86.ActiveCfg = Debug|Any CPU
		{04F53164-A651-471A-9449-D226DB2F546E}.Debug|x86.Build.0 = Debug|Any CPU
		{04F53164-A651-471A-9449-D226DB2F546E}.Release|Any CPU.ActiveCfg = Release|Any CPU
		{04F53164-A651-471A-9449-D226DB2F546E}.Release|Any CPU.Build.0 = Release|Any CPU
		{04F53164-A651-471A-9449-D226DB2F546E}.Release|x64.ActiveCfg = Release|Any CPU
		{04F53164-A651-471A-9449-D226DB2F546E}.Release|x64.Build.0 = Release|Any CPU
		{04F53164-A651-471A-9449-D226DB2F546E}.Release|x86.ActiveCfg = Release|Any CPU
		{04F53164-A651-471A-9449-D226DB2F546E}.Release|x86.Build.0 = Release|Any CPU
		{EC728A4C-E466-459D-BFF5-7C4C9CCD5743}.Debug|Any CPU.ActiveCfg = Debug|Any CPU
		{EC728A4C-E466-459D-BFF5-7C4C9CCD5743}.Debug|Any CPU.Build.0 = Debug|Any CPU
		{EC728A4C-E466-459D-BFF5-7C4C9CCD5743}.Debug|x64.ActiveCfg = Debug|Any CPU
		{EC728A4C-E466-459D-BFF5-7C4C9CCD5743}.Debug|x64.Build.0 = Debug|Any CPU
		{EC728A4C-E466-459D-BFF5-7C4C9CCD5743}.Debug|x86.ActiveCfg = Debug|Any CPU
		{EC728A4C-E466-459D-BFF5-7C4C9CCD5743}.Debug|x86.Build.0 = Debug|Any CPU
		{EC728A4C-E466-459D-BFF5-7C4C9CCD5743}.Release|Any CPU.ActiveCfg = Release|Any CPU
		{EC728A4C-E466-459D-BFF5-7C4C9CCD5743}.Release|Any CPU.Build.0 = Release|Any CPU
		{EC728A4C-E466-459D-BFF5-7C4C9CCD5743}.Release|x64.ActiveCfg = Release|Any CPU
		{EC728A4C-E466-459D-BFF5-7C4C9CCD5743}.Release|x64.Build.0 = Release|Any CPU
		{EC728A4C-E466-459D-BFF5-7C4C9CCD5743}.Release|x86.ActiveCfg = Release|Any CPU
		{EC728A4C-E466-459D-BFF5-7C4C9CCD5743}.Release|x86.Build.0 = Release|Any CPU
		{2C1D7DBB-1B95-4576-A8C8-4956143E8831}.Debug|Any CPU.ActiveCfg = Debug|Any CPU
		{2C1D7DBB-1B95-4576-A8C8-4956143E8831}.Debug|Any CPU.Build.0 = Debug|Any CPU
		{2C1D7DBB-1B95-4576-A8C8-4956143E8831}.Debug|x64.ActiveCfg = Debug|Any CPU
		{2C1D7DBB-1B95-4576-A8C8-4956143E8831}.Debug|x64.Build.0 = Debug|Any CPU
		{2C1D7DBB-1B95-4576-A8C8-4956143E8831}.Debug|x86.ActiveCfg = Debug|Any CPU
		{2C1D7DBB-1B95-4576-A8C8-4956143E8831}.Debug|x86.Build.0 = Debug|Any CPU
		{2C1D7DBB-1B95-4576-A8C8-4956143E8831}.Release|Any CPU.ActiveCfg = Release|Any CPU
		{2C1D7DBB-1B95-4576-A8C8-4956143E8831}.Release|Any CPU.Build.0 = Release|Any CPU
		{2C1D7DBB-1B95-4576-A8C8-4956143E8831}.Release|x64.ActiveCfg = Release|Any CPU
		{2C1D7DBB-1B95-4576-A8C8-4956143E8831}.Release|x64.Build.0 = Release|Any CPU
		{2C1D7DBB-1B95-4576-A8C8-4956143E8831}.Release|x86.ActiveCfg = Release|Any CPU
		{2C1D7DBB-1B95-4576-A8C8-4956143E8831}.Release|x86.Build.0 = Release|Any CPU
		{4992BAB2-2918-4EFE-8A54-FDEFC81BFFDE}.Debug|Any CPU.ActiveCfg = Debug|Any CPU
		{4992BAB2-2918-4EFE-8A54-FDEFC81BFFDE}.Debug|Any CPU.Build.0 = Debug|Any CPU
		{4992BAB2-2918-4EFE-8A54-FDEFC81BFFDE}.Debug|x64.ActiveCfg = Debug|Any CPU
		{4992BAB2-2918-4EFE-8A54-FDEFC81BFFDE}.Debug|x64.Build.0 = Debug|Any CPU
		{4992BAB2-2918-4EFE-8A54-FDEFC81BFFDE}.Debug|x86.ActiveCfg = Debug|Any CPU
		{4992BAB2-2918-4EFE-8A54-FDEFC81BFFDE}.Debug|x86.Build.0 = Debug|Any CPU
		{4992BAB2-2918-4EFE-8A54-FDEFC81BFFDE}.Release|Any CPU.ActiveCfg = Release|Any CPU
		{4992BAB2-2918-4EFE-8A54-FDEFC81BFFDE}.Release|Any CPU.Build.0 = Release|Any CPU
		{4992BAB2-2918-4EFE-8A54-FDEFC81BFFDE}.Release|x64.ActiveCfg = Release|Any CPU
		{4992BAB2-2918-4EFE-8A54-FDEFC81BFFDE}.Release|x64.Build.0 = Release|Any CPU
		{4992BAB2-2918-4EFE-8A54-FDEFC81BFFDE}.Release|x86.ActiveCfg = Release|Any CPU
		{4992BAB2-2918-4EFE-8A54-FDEFC81BFFDE}.Release|x86.Build.0 = Release|Any CPU
		{F995253A-EFEA-44C0-88EB-6BF2CF4BEA96}.Debug|Any CPU.ActiveCfg = Debug|Any CPU
		{F995253A-EFEA-44C0-88EB-6BF2CF4BEA96}.Debug|Any CPU.Build.0 = Debug|Any CPU
		{F995253A-EFEA-44C0-88EB-6BF2CF4BEA96}.Debug|x64.ActiveCfg = Debug|Any CPU
		{F995253A-EFEA-44C0-88EB-6BF2CF4BEA96}.Debug|x64.Build.0 = Debug|Any CPU
		{F995253A-EFEA-44C0-88EB-6BF2CF4BEA96}.Debug|x86.ActiveCfg = Debug|Any CPU
		{F995253A-EFEA-44C0-88EB-6BF2CF4BEA96}.Debug|x86.Build.0 = Debug|Any CPU
		{F995253A-EFEA-44C0-88EB-6BF2CF4BEA96}.Release|Any CPU.ActiveCfg = Release|Any CPU
		{F995253A-EFEA-44C0-88EB-6BF2CF4BEA96}.Release|Any CPU.Build.0 = Release|Any CPU
		{F995253A-EFEA-44C0-88EB-6BF2CF4BEA96}.Release|x64.ActiveCfg = Release|Any CPU
		{F995253A-EFEA-44C0-88EB-6BF2CF4BEA96}.Release|x64.Build.0 = Release|Any CPU
		{F995253A-EFEA-44C0-88EB-6BF2CF4BEA96}.Release|x86.ActiveCfg = Release|Any CPU
		{F995253A-EFEA-44C0-88EB-6BF2CF4BEA96}.Release|x86.Build.0 = Release|Any CPU
		{9D1D5315-0F8B-4932-9522-0B56F8D8D8EE}.Debug|Any CPU.ActiveCfg = Debug|Any CPU
		{9D1D5315-0F8B-4932-9522-0B56F8D8D8EE}.Debug|Any CPU.Build.0 = Debug|Any CPU
		{9D1D5315-0F8B-4932-9522-0B56F8D8D8EE}.Debug|x64.ActiveCfg = Debug|Any CPU
		{9D1D5315-0F8B-4932-9522-0B56F8D8D8EE}.Debug|x64.Build.0 = Debug|Any CPU
		{9D1D5315-0F8B-4932-9522-0B56F8D8D8EE}.Debug|x86.ActiveCfg = Debug|Any CPU
		{9D1D5315-0F8B-4932-9522-0B56F8D8D8EE}.Debug|x86.Build.0 = Debug|Any CPU
		{9D1D5315-0F8B-4932-9522-0B56F8D8D8EE}.Release|Any CPU.ActiveCfg = Release|Any CPU
		{9D1D5315-0F8B-4932-9522-0B56F8D8D8EE}.Release|Any CPU.Build.0 = Release|Any CPU
		{9D1D5315-0F8B-4932-9522-0B56F8D8D8EE}.Release|x64.ActiveCfg = Release|Any CPU
		{9D1D5315-0F8B-4932-9522-0B56F8D8D8EE}.Release|x64.Build.0 = Release|Any CPU
		{9D1D5315-0F8B-4932-9522-0B56F8D8D8EE}.Release|x86.ActiveCfg = Release|Any CPU
		{9D1D5315-0F8B-4932-9522-0B56F8D8D8EE}.Release|x86.Build.0 = Release|Any CPU
		{32DFD307-D93B-4794-9D36-B5EF1208C361}.Debug|Any CPU.ActiveCfg = Debug|Any CPU
		{32DFD307-D93B-4794-9D36-B5EF1208C361}.Debug|Any CPU.Build.0 = Debug|Any CPU
		{32DFD307-D93B-4794-9D36-B5EF1208C361}.Debug|x64.ActiveCfg = Debug|Any CPU
		{32DFD307-D93B-4794-9D36-B5EF1208C361}.Debug|x64.Build.0 = Debug|Any CPU
		{32DFD307-D93B-4794-9D36-B5EF1208C361}.Debug|x86.ActiveCfg = Debug|Any CPU
		{32DFD307-D93B-4794-9D36-B5EF1208C361}.Debug|x86.Build.0 = Debug|Any CPU
		{32DFD307-D93B-4794-9D36-B5EF1208C361}.Release|Any CPU.ActiveCfg = Release|Any CPU
		{32DFD307-D93B-4794-9D36-B5EF1208C361}.Release|Any CPU.Build.0 = Release|Any CPU
		{32DFD307-D93B-4794-9D36-B5EF1208C361}.Release|x64.ActiveCfg = Release|Any CPU
		{32DFD307-D93B-4794-9D36-B5EF1208C361}.Release|x64.Build.0 = Release|Any CPU
		{32DFD307-D93B-4794-9D36-B5EF1208C361}.Release|x86.ActiveCfg = Release|Any CPU
		{32DFD307-D93B-4794-9D36-B5EF1208C361}.Release|x86.Build.0 = Release|Any CPU
	EndGlobalSection
	GlobalSection(SolutionProperties) = preSolution
		HideSolutionNode = FALSE
	EndGlobalSection
	GlobalSection(NestedProjects) = preSolution
		{F49CFA0F-AC80-466B-9235-67FA58F79F05} = {827E0CD3-B72D-47B6-A68D-7590B98EB39B}
		{E120A881-3AE1-4CC6-836F-D3FD1AD4C4B1} = {0AB3BF05-4346-4AA6-1389-037BE0695223}
		{67BD878A-4B01-41E3-BA7E-58C795EEA097} = {827E0CD3-B72D-47B6-A68D-7590B98EB39B}
		{473B0985-CCA1-4E05-9D58-114C3C873B2E} = {0AB3BF05-4346-4AA6-1389-037BE0695223}
		{B394091A-D5D1-4EAF-B21C-BDB9C34D7D04} = {827E0CD3-B72D-47B6-A68D-7590B98EB39B}
		{759A22CB-BF2B-47C0-A48F-8589FFE4B300} = {0AB3BF05-4346-4AA6-1389-037BE0695223}
		{19085C17-E453-4DF4-AA24-A6641F4FF535} = {827E0CD3-B72D-47B6-A68D-7590B98EB39B}
		{3FCE27D8-1B2E-4CFA-91E9-BFCE1888C928} = {0AB3BF05-4346-4AA6-1389-037BE0695223}
		{613EF322-9CEB-4422-A37A-19E4E95ED4F3} = {0AB3BF05-4346-4AA6-1389-037BE0695223}
		{4C9D1B1D-D592-4CFE-96FE-C68DD02C3CDE} = {827E0CD3-B72D-47B6-A68D-7590B98EB39B}
		{3FC378DE-E533-4B69-B7BC-23F6E3453DC2} = {0AB3BF05-4346-4AA6-1389-037BE0695223}
		{BCDD4F10-029F-4F7A-A7D2-37863027C173} = {827E0CD3-B72D-47B6-A68D-7590B98EB39B}
		{04F53164-A651-471A-9449-D226DB2F546E} = {0AB3BF05-4346-4AA6-1389-037BE0695223}
		{EC728A4C-E466-459D-BFF5-7C4C9CCD5743} = {0AB3BF05-4346-4AA6-1389-037BE0695223}
		{2C1D7DBB-1B95-4576-A8C8-4956143E8831} = {827E0CD3-B72D-47B6-A68D-7590B98EB39B}
		{4992BAB2-2918-4EFE-8A54-FDEFC81BFFDE} = {0AB3BF05-4346-4AA6-1389-037BE0695223}
		{F995253A-EFEA-44C0-88EB-6BF2CF4BEA96} = {5D20AA90-6969-D8BD-9DCD-8634F4692FDA}
		{9D1D5315-0F8B-4932-9522-0B56F8D8D8EE} = {07C2787E-EAC7-C090-1BA3-A61EC2A24D84}
		{32DFD307-D93B-4794-9D36-B5EF1208C361} = {0AB3BF05-4346-4AA6-1389-037BE0695223}
	EndGlobalSection
EndGlobal
